# generated by rye
# use `rye lock` or `rye sync` to update this lockfile
#
# last locked with the following flags:
#   pre: false
#   features: []
#   all-features: false
#   with-sources: false
#   generate-hashes: false
#   universal: false

-e file:.
certifi==2024.12.14
    # via requests
charset-normalizer==3.4.1
    # via requests
click==8.1.8
    # via resume-gen
    # via zs
colorama==0.4.6
    # via click
idna==3.10
    # via requests
pyyaml==6.0.2
    # via resume-gen
requests==2.32.3
    # via zs
tabulate==0.9.0
    # via zs
toml==0.10.2
    # via resume-gen
urllib3==2.3.0
    # via requests
zs @ git+https://github.com/z2u4/zs.git@aa4b45f1ef0512757c33276c53ca2ee38065f20d
zuu @ git+https://github.com/z2u4/py_zuu.git@316fcc65f4697599e01e1c60e3bb484f3b357282
    # via zs
