# generated by rye
# use `rye lock` or `rye sync` to update this lockfile
#
# last locked with the following flags:
#   pre: false
#   features: []
#   all-features: false
#   with-sources: false
#   generate-hashes: false
#   universal: false

-e file:.
click==8.1.8
    # via zs-resume-gen
colorama==0.4.6
    # via click
pyyaml==6.0.2
    # via zs-resume-gen
toml==0.10.2
    # via zs-resume-gen
